
Microsoft Visual Studio Solution File, Format Version 12.00
# Visual Studio Version 16
VisualStudioVersion = 16.0.28803.156
MinimumVisualStudioVersion = 10.0.40219.1
Project("{FAE04EC0-301F-11D3-BF4B-00C04F79EFBC}") = "WebBrowser", "CSharp\WebBrowser\WebBrowser.csproj", "{9B3A308F-9621-4002-A76D-F0CF0C174E15}"
EndProject
Global
	GlobalSection(SolutionConfigurationPlatforms) = preSolution
		Debug|Any CPU = Debug|Any CPU
		Release|Any CPU = Release|Any CPU
	EndGlobalSection
	GlobalSection(ProjectConfigurationPlatforms) = postSolution
		{9B3A308F-9621-4002-A76D-F0CF0C174E15}.Debug|Any CPU.ActiveCfg = Debug|Any CPU
		{9B3A308F-9621-4002-A76D-F0CF0C174E15}.Debug|Any CPU.Build.0 = Debug|Any CPU
		{9B3A308F-9621-4002-A76D-F0CF0C174E15}.Release|Any CPU.ActiveCfg = Release|Any CPU
		{9B3A308F-9621-4002-A76D-F0CF0C174E15}.Release|Any CPU.Build.0 = Release|Any CPU
	EndGlobalSection
	GlobalSection(SolutionProperties) = preSolution
		HideSolutionNode = FALSE
	EndGlobalSection
	GlobalSection(ExtensibilityGlobals) = postSolution
		SolutionGuid = {AEB0CA61-8A6A-45CC-B1D6-470025522458}
	EndGlobalSection
EndGlobal
